// !$*UTF8*$!
{
	archiveVersion = 1;
	classes = {
	};
	objectVersion = 46;
	objects = {

/* Begin PBXBuildFile section */
		79965A571AC0B5F0008B0772 /* AppDelegate.swift in Sources */ = {isa = PBXBuildFile; fileRef = 79965A561AC0B5F0008B0772 /* AppDelegate.swift */; };
		79965A591AC0B5F0008B0772 /* PsychologistViewController.swift in Sources */ = {isa = PBXBuildFile; fileRef = 79965A581AC0B5F0008B0772 /* PsychologistViewController.swift */; };
		79965A5C1AC0B5F0008B0772 /* Main.storyboard in Resources */ = {isa = PBXBuildFile; fileRef = 79965A5A1AC0B5F0008B0772 /* Main.storyboard */; };
		79965A5E1AC0B5F0008B0772 /* Images.xcassets in Resources */ = {isa = PBXBuildFile; fileRef = 79965A5D1AC0B5F0008B0772 /* Images.xcassets */; };
		79965A611AC0B5F0008B0772 /* LaunchScreen.xib in Resources */ = {isa = PBXBuildFile; fileRef = 79965A5F1AC0B5F0008B0772 /* LaunchScreen.xib */; };
		79965A6D1AC0B5F0008B0772 /* PsychologistTests.swift in Sources */ = {isa = PBXBuildFile; fileRef = 79965A6C1AC0B5F0008B0772 /* PsychologistTests.swift */; };
		79965A781AC0B8DD008B0772 /* FaceUIView.swift in Sources */ = {isa = PBXBuildFile; fileRef = 79965A761AC0B8DD008B0772 /* FaceUIView.swift */; };
		79965A791AC0B8DD008B0772 /* HappinessViewController.swift in Sources */ = {isa = PBXBuildFile; fileRef = 79965A771AC0B8DD008B0772 /* HappinessViewController.swift */; };
/* End PBXBuildFile section */

/* Begin PBXContainerItemProxy section */
		79965A671AC0B5F0008B0772 /* PBXContainerItemProxy */ = {
			isa = PBXContainerItemProxy;
			containerPortal = 79965A491AC0B5F0008B0772 /* Project object */;
			proxyType = 1;
			remoteGlobalIDString = 79965A501AC0B5F0008B0772;
			remoteInfo = Psychologist;
		};
/* End PBXContainerItemProxy section */

/* Begin PBXFileReference section */
		79965A511AC0B5F0008B0772 /* Psychologist.app */ = {isa = PBXFileReference; explicitFileType = wrapper.application; includeInIndex = 0; path = Psychologist.app; sourceTree = BUILT_PRODUCTS_DIR; };
		79965A551AC0B5F0008B0772 /* Info.plist */ = {isa = PBXFileReference; lastKnownFileType = text.plist.xml; path = Info.plist; sourceTree = "<group>"; };
		79965A561AC0B5F0008B0772 /* AppDelegate.swift */ = {isa = PBXFileReference; lastKnownFileType = sourcecode.swift; path = AppDelegate.swift; sourceTree = "<group>"; };
		79965A581AC0B5F0008B0772 /* PsychologistViewController.swift */ = {isa = PBXFileReference; lastKnownFileType = sourcecode.swift; path = PsychologistViewController.swift; sourceTree = "<group>"; };
		79965A5B1AC0B5F0008B0772 /* Base */ = {isa = PBXFileReference; lastKnownFileType = file.storyboard; name = Base; path = Base.lproj/Main.storyboard; sourceTree = "<group>"; };
		79965A5D1AC0B5F0008B0772 /* Images.xcassets */ = {isa = PBXFileReference; lastKnownFileType = folder.assetcatalog; path = Images.xcassets; sourceTree = "<group>"; };
		79965A601AC0B5F0008B0772 /* Base */ = {isa = PBXFileReference; lastKnownFileType = file.xib; name = Base; path = Base.lproj/LaunchScreen.xib; sourceTree = "<group>"; };
		79965A661AC0B5F0008B0772 /* PsychologistTests.xctest */ = {isa = PBXFileReference; explicitFileType = wrapper.cfbundle; includeInIndex = 0; path = PsychologistTests.xctest; sourceTree = BUILT_PRODUCTS_DIR; };
		79965A6B1AC0B5F0008B0772 /* Info.plist */ = {isa = PBXFileReference; lastKnownFileType = text.plist.xml; path = Info.plist; sourceTree = "<group>"; };
		79965A6C1AC0B5F0008B0772 /* PsychologistTests.swift */ = {isa = PBXFileReference; lastKnownFileType = sourcecode.swift; path = PsychologistTests.swift; sourceTree = "<group>"; };
		79965A761AC0B8DD008B0772 /* FaceUIView.swift */ = {isa = PBXFileReference; fileEncoding = 4; lastKnownFileType = sourcecode.swift; path = FaceUIView.swift; sourceTree = "<group>"; };
		79965A771AC0B8DD008B0772 /* HappinessViewController.swift */ = {isa = PBXFileReference; fileEncoding = 4; lastKnownFileType = sourcecode.swift; path = HappinessViewController.swift; sourceTree = "<group>"; };
/* End PBXFileReference section */

/* Begin PBXFrameworksBuildPhase section */
		79965A4E1AC0B5F0008B0772 /* Frameworks */ = {
			isa = PBXFrameworksBuildPhase;
			buildActionMask = 2147483647;
			files = (
			);
			runOnlyForDeploymentPostprocessing = 0;
		};
		79965A631AC0B5F0008B0772 /* Frameworks */ = {
			isa = PBXFrameworksBuildPhase;
			buildActionMask = 2147483647;
			files = (
			);
			runOnlyForDeploymentPostprocessing = 0;
		};
/* End PBXFrameworksBuildPhase section */

/* Begin PBXGroup section */
		79965A481AC0B5F0008B0772 = {
			isa = PBXGroup;
			children = (
				79965A531AC0B5F0008B0772 /* Psychologist */,
				79965A691AC0B5F0008B0772 /* PsychologistTests */,
				79965A521AC0B5F0008B0772 /* Products */,
			);
			sourceTree = "<group>";
		};
		79965A521AC0B5F0008B0772 /* Products */ = {
			isa = PBXGroup;
			children = (
				79965A511AC0B5F0008B0772 /* Psychologist.app */,
				79965A661AC0B5F0008B0772 /* PsychologistTests.xctest */,
			);
			name = Products;
			sourceTree = "<group>";
		};
		79965A531AC0B5F0008B0772 /* Psychologist */ = {
			isa = PBXGroup;
			children = (
				79965A581AC0B5F0008B0772 /* PsychologistViewController.swift */,
				79965A761AC0B8DD008B0772 /* FaceUIView.swift */,
				79965A771AC0B8DD008B0772 /* HappinessViewController.swift */,
				79965A5A1AC0B5F0008B0772 /* Main.storyboard */,
				79965A541AC0B5F0008B0772 /* Supporting Files */,
			);
			path = Psychologist;
			sourceTree = "<group>";
		};
		79965A541AC0B5F0008B0772 /* Supporting Files */ = {
			isa = PBXGroup;
			children = (
				79965A561AC0B5F0008B0772 /* AppDelegate.swift */,
				79965A5F1AC0B5F0008B0772 /* LaunchScreen.xib */,
				79965A5D1AC0B5F0008B0772 /* Images.xcassets */,
				79965A551AC0B5F0008B0772 /* Info.plist */,
			);
			name = "Supporting Files";
			sourceTree = "<group>";
		};
		79965A691AC0B5F0008B0772 /* PsychologistTests */ = {
			isa = PBXGroup;
			children = (
				79965A6C1AC0B5F0008B0772 /* PsychologistTests.swift */,
				79965A6A1AC0B5F0008B0772 /* Supporting Files */,
			);
			path = PsychologistTests;
			sourceTree = "<group>";
		};
		79965A6A1AC0B5F0008B0772 /* Supporting Files */ = {
			isa = PBXGroup;
			children = (
				79965A6B1AC0B5F0008B0772 /* Info.plist */,
			);
			name = "Supporting Files";
			sourceTree = "<group>";
		};
/* End PBXGroup section */

/* Begin PBXNativeTarget section */
		79965A501AC0B5F0008B0772 /* Psychologist */ = {
			isa = PBXNativeTarget;
			buildConfigurationList = 79965A701AC0B5F0008B0772 /* Build configuration list for PBXNativeTarget "Psychologist" */;
			buildPhases = (
				79965A4D1AC0B5F0008B0772 /* Sources */,
				79965A4E1AC0B5F0008B0772 /* Frameworks */,
				79965A4F1AC0B5F0008B0772 /* Resources */,
			);
			buildRules = (
			);
			dependencies = (
			);
			name = Psychologist;
			productName = Psychologist;
			productReference = 79965A511AC0B5F0008B0772 /* Psychologist.app */;
			productType = "com.apple.product-type.application";
		};
		79965A651AC0B5F0008B0772 /* PsychologistTests */ = {
			isa = PBXNativeTarget;
			buildConfigurationList = 79965A731AC0B5F0008B0772 /* Build configuration list for PBXNativeTarget "PsychologistTests" */;
			buildPhases = (
				79965A621AC0B5F0008B0772 /* Sources */,
				79965A631AC0B5F0008B0772 /* Frameworks */,
				79965A641AC0B5F0008B0772 /* Resources */,
			);
			buildRules = (
			);
			dependencies = (
				79965A681AC0B5F0008B0772 /* PBXTargetDependency */,
			);
			name = PsychologistTests;
			productName = PsychologistTests;
			productReference = 79965A661AC0B5F0008B0772 /* PsychologistTests.xctest */;
			productType = "com.apple.product-type.bundle.unit-test";
		};
/* End PBXNativeTarget section */

/* Begin PBXProject section */
		79965A491AC0B5F0008B0772 /* Project object */ = {
			isa = PBXProject;
			attributes = {
				LastUpgradeCheck = 0620;
				ORGANIZATIONNAME = "Penemetsa, Arjun";
				TargetAttributes = {
					79965A501AC0B5F0008B0772 = {
						CreatedOnToolsVersion = 6.2;
					};
					79965A651AC0B5F0008B0772 = {
						CreatedOnToolsVersion = 6.2;
						TestTargetID = 79965A501AC0B5F0008B0772;
					};
				};
			};
			buildConfigurationList = 79965A4C1AC0B5F0008B0772 /* Build configuration list for PBXProject "Psychologist" */;
			compatibilityVersion = "Xcode 3.2";
			developmentRegion = English;
			hasScannedForEncodings = 0;
			knownRegions = (
				en,
				Base,
			);
			mainGroup = 79965A481AC0B5F0008B0772;
			productRefGroup = 79965A521AC0B5F0008B0772 /* Products */;
			projectDirPath = "";
			projectRoot = "";
			targets = (
				79965A501AC0B5F0008B0772 /* Psychologist */,
				79965A651AC0B5F0008B0772 /* PsychologistTests */,
			);
		};
/* End PBXProject section */

/* Begin PBXResourcesBuildPhase section */
		79965A4F1AC0B5F0008B0772 /* Resources */ = {
			isa = PBXResourcesBuildPhase;
			buildActionMask = 2147483647;
			files = (
				79965A5C1AC0B5F0008B0772 /* Main.storyboard in Resources */,
				79965A611AC0B5F0008B0772 /* LaunchScreen.xib in Resources */,
				79965A5E1AC0B5F0008B0772 /* Images.xcassets in Resources */,
			);
			runOnlyForDeploymentPostprocessing = 0;
		};
		79965A641AC0B5F0008B0772 /* Resources */ = {
			isa = PBXResourcesBuildPhase;
			buildActionMask = 2147483647;
			files = (
			);
			runOnlyForDeploymentPostprocessing = 0;
		};
/* End PBXResourcesBuildPhase section */

/* Begin PBXSourcesBuildPhase section */
		79965A4D1AC0B5F0008B0772 /* Sources */ = {
			isa = PBXSourcesBuildPhase;
			buildActionMask = 2147483647;
			files = (
				79965A591AC0B5F0008B0772 /* PsychologistViewController.swift in Sources */,
				79965A571AC0B5F0008B0772 /* AppDelegate.swift in Sources */,
				79965A791AC0B8DD008B0772 /* HappinessViewController.swift in Sources */,
				79965A781AC0B8DD008B0772 /* FaceUIView.swift in Sources */,
			);
			runOnlyForDeploymentPostprocessing = 0;
		};
		79965A621AC0B5F0008B0772 /* Sources */ = {
			isa = PBXSourcesBuildPhase;
			buildActionMask = 2147483647;
			files = (
				79965A6D1AC0B5F0008B0772 /* PsychologistTests.swift in Sources */,
			);
			runOnlyForDeploymentPostprocessing = 0;
		};
/* End PBXSourcesBuildPhase section */

/* Begin PBXTargetDependency section */
		79965A681AC0B5F0008B0772 /* PBXTargetDependency */ = {
			isa = PBXTargetDependency;
			target = 79965A501AC0B5F0008B0772 /* Psychologist */;
			targetProxy = 79965A671AC0B5F0008B0772 /* PBXContainerItemProxy */;
		};
/* End PBXTargetDependency section */

/* Begin PBXVariantGroup section */
		79965A5A1AC0B5F0008B0772 /* Main.storyboard */ = {
			isa = PBXVariantGroup;
			children = (
				79965A5B1AC0B5F0008B0772 /* Base */,
			);
			name = Main.storyboard;
			sourceTree = "<group>";
		};
		79965A5F1AC0B5F0008B0772 /* LaunchScreen.xib */ = {
			isa = PBXVariantGroup;
			children = (
				79965A601AC0B5F0008B0772 /* Base */,
			);
			name = LaunchScreen.xib;
			sourceTree = "<group>";
		};
/* End PBXVariantGroup section */

/* Begin XCBuildConfiguration section */
		79965A6E1AC0B5F0008B0772 /* Debug */ = {
			isa = XCBuildConfiguration;
			buildSettings = {
				ALWAYS_SEARCH_USER_PATHS = NO;
				CLANG_CXX_LANGUAGE_STANDARD = "gnu++0x";
				CLANG_CXX_LIBRARY = "libc++";
				CLANG_ENABLE_MODULES = YES;
				CLANG_ENABLE_OBJC_ARC = YES;
				CLANG_WARN_BOOL_CONVERSION = YES;
				CLANG_WARN_CONSTANT_CONVERSION = YES;
				CLANG_WARN_DIRECT_OBJC_ISA_USAGE = YES_ERROR;
				CLANG_WARN_EMPTY_BODY = YES;
				CLANG_WARN_ENUM_CONVERSION = YES;
				CLANG_WARN_INT_CONVERSION = YES;
				CLANG_WARN_OBJC_ROOT_CLASS = YES_ERROR;
				CLANG_WARN_UNREACHABLE_CODE = YES;
				CLANG_WARN__DUPLICATE_METHOD_MATCH = YES;
				"CODE_SIGN_IDENTITY[sdk=iphoneos*]" = "iPhone Developer";
				COPY_PHASE_STRIP = NO;
				ENABLE_STRICT_OBJC_MSGSEND = YES;
				GCC_C_LANGUAGE_STANDARD = gnu99;
				GCC_DYNAMIC_NO_PIC = NO;
				GCC_OPTIMIZATION_LEVEL = 0;
				GCC_PREPROCESSOR_DEFINITIONS = (
					"DEBUG=1",
					"$(inherited)",
				);
				GCC_SYMBOLS_PRIVATE_EXTERN = NO;
				GCC_WARN_64_TO_32_BIT_CONVERSION = YES;
				GCC_WARN_ABOUT_RETURN_TYPE = YES_ERROR;
				GCC_WARN_UNDECLARED_SELECTOR = YES;
				GCC_WARN_UNINITIALIZED_AUTOS = YES_AGGRESSIVE;
				GCC_WARN_UNUSED_FUNCTION = YES;
				GCC_WARN_UNUSED_VARIABLE = YES;
				IPHONEOS_DEPLOYMENT_TARGET = 8.2;
				MTL_ENABLE_DEBUG_INFO = YES;
				ONLY_ACTIVE_ARCH = YES;
				SDKROOT = iphoneos;
				SWIFT_OPTIMIZATION_LEVEL = "-Onone";
				TARGETED_DEVICE_FAMILY = "1,2";
			};
			name = Debug;
		};
		79965A6F1AC0B5F0008B0772 /* Release */ = {
			isa = XCBuildConfiguration;
			buildSettings = {
				ALWAYS_SEARCH_USER_PATHS = NO;
				CLANG_CXX_LANGUAGE_STANDARD = "gnu++0x";
				CLANG_CXX_LIBRARY = "libc++";
				CLANG_ENABLE_MODULES = YES;
				CLANG_ENABLE_OBJC_ARC = YES;
				CLANG_WARN_BOOL_CONVERSION = YES;
				CLANG_WARN_CONSTANT_CONVERSION = YES;
				CLANG_WARN_DIRECT_OBJC_ISA_USAGE = YES_ERROR;
				CLANG_WARN_EMPTY_BODY = YES;
				CLANG_WARN_ENUM_CONVERSION = YES;
				CLANG_WARN_INT_CONVERSION = YES;
				CLANG_WARN_OBJC_ROOT_CLASS = YES_ERROR;
				CLANG_WARN_UNREACHABLE_CODE = YES;
				CLANG_WARN__DUPLICATE_METHOD_MATCH = YES;
				"CODE_SIGN_IDENTITY[sdk=iphoneos*]" = "iPhone Developer";
				COPY_PHASE_STRIP = NO;
				ENABLE_NS_ASSERTIONS = NO;
				ENABLE_STRICT_OBJC_MSGSEND = YES;
				GCC_C_LANGUAGE_STANDARD = gnu99;
				GCC_WARN_64_TO_32_BIT_CONVERSION = YES;
				GCC_WARN_ABOUT_RETURN_TYPE = YES_ERROR;
				GCC_WARN_UNDECLARED_SELECTOR = YES;
				GCC_WARN_UNINITIALIZED_AUTOS = YES_AGGRESSIVE;
				GCC_WARN_UNUSED_FUNCTION = YES;
				GCC_WARN_UNUSED_VARIABLE = YES;
				IPHONEOS_DEPLOYMENT_TARGET = 8.2;
				MTL_ENABLE_DEBUG_INFO = NO;
				SDKROOT = iphoneos;
				TARGETED_DEVICE_FAMILY = "1,2";
				VALIDATE_PRODUCT = YES;
			};
			name = Release;
		};
		79965A711AC0B5F0008B0772 /* Debug */ = {
			isa = XCBuildConfiguration;
			buildSettings = {
				ASSETCATALOG_COMPILER_APPICON_NAME = AppIcon;
				INFOPLIST_FILE = Psychologist/Info.plist;
				LD_RUNPATH_SEARCH_PATHS = "$(inherited) @executable_path/Frameworks";
				PRODUCT_NAME = "$(TARGET_NAME)";
			};
			name = Debug;
		};
		79965A721AC0B5F0008B0772 /* Release */ = {
			isa = XCBuildConfiguration;
			buildSettings = {
				ASSETCATALOG_COMPILER_APPICON_NAME = AppIcon;
				INFOPLIST_FILE = Psychologist/Info.plist;
				LD_RUNPATH_SEARCH_PATHS = "$(inherited) @executable_path/Frameworks";
				PRODUCT_NAME = "$(TARGET_NAME)";
			};
			name = Release;
		};
		79965A741AC0B5F0008B0772 /* Debug */ = {
			isa = XCBuildConfiguration;
			buildSettings = {
				BUNDLE_LOADER = "$(TEST_HOST)";
				FRAMEWORK_SEARCH_PATHS = (
					"$(SDKROOT)/Developer/Library/Frameworks",
					"$(inherited)",
				);
				GCC_PREPROCESSOR_DEFINITIONS = (
					"DEBUG=1",
					"$(inherited)",
				);
				INFOPLIST_FILE = PsychologistTests/Info.plist;
				LD_RUNPATH_SEARCH_PATHS = "$(inherited) @executable_path/Frameworks @loader_path/Frameworks";
				PRODUCT_NAME = "$(TARGET_NAME)";
				TEST_HOST = "$(BUILT_PRODUCTS_DIR)/Psychologist.app/Psychologist";
			};
			name = Debug;
		};
		79965A751AC0B5F0008B0772 /* Release */ = {
			isa = XCBuildConfiguration;
			buildSettings = {
				BUNDLE_LOADER = "$(TEST_HOST)";
				FRAMEWORK_SEARCH_PATHS = (
					"$(SDKROOT)/Developer/Library/Frameworks",
					"$(inherited)",
				);
				INFOPLIST_FILE = PsychologistTests/Info.plist;
				LD_RUNPATH_SEARCH_PATHS = "$(inherited) @executable_path/Frameworks @loader_path/Frameworks";
				PRODUCT_NAME = "$(TARGET_NAME)";
				TEST_HOST = "$(BUILT_PRODUCTS_DIR)/Psychologist.app/Psychologist";
			};
			name = Release;
		};
/* End XCBuildConfiguration section */

/* Begin XCConfigurationList section */
		79965A4C1AC0B5F0008B0772 /* Build configuration list for PBXProject "Psychologist" */ = {
			isa = XCConfigurationList;
			buildConfigurations = (
				79965A6E1AC0B5F0008B0772 /* Debug */,
				79965A6F1AC0B5F0008B0772 /* Release */,
			);
			defaultConfigurationIsVisible = 0;
			defaultConfigurationName = Release;
		};
		79965A701AC0B5F0008B0772 /* Build configuration list for PBXNativeTarget "Psychologist" */ = {
			isa = XCConfigurationList;
			buildConfigurations = (
				79965A711AC0B5F0008B0772 /* Debug */,
				79965A721AC0B5F0008B0772 /* Release */,
			);
			defaultConfigurationIsVisible = 0;
			defaultConfigurationName = Release;
		};
		79965A731AC0B5F0008B0772 /* Build configuration list for PBXNativeTarget "PsychologistTests" */ = {
			isa = XCConfigurationList;
			buildConfigurations = (
				79965A741AC0B5F0008B0772 /* Debug */,
				79965A751AC0B5F0008B0772 /* Release */,
			);
			defaultConfigurationIsVisible = 0;
			defaultConfigurationName = Release;
		};
/* End XCConfigurationList section */
	};
	rootObject = 79965A491AC0B5F0008B0772 /* Project object */;
}
